
Microsoft Visual Studio Solution File, Format Version 12.00
# Visual Studio Version 16
VisualStudioVersion = 16.0.30204.135
MinimumVisualStudioVersion = 10.0.40219.1
Project("{FAE04EC0-301F-11D3-BF4B-00C04F79EFBC}") = "NetCoreWpf", "NetCoreWpf\NetCoreWpf.csproj", "{EB3D2558-0508-4B2B-B758-6B9250F013BE}"
EndProject
Global
	GlobalSection(SolutionConfigurationPlatforms) = preSolution
		Debug|Any CPU = Debug|Any CPU
		Release|Any CPU = Release|Any CPU
	EndGlobalSection
	GlobalSection(ProjectConfigurationPlatforms) = postSolution
		{EB3D2558-0508-4B2B-B758-6B9250F013BE}.Debug|Any CPU.ActiveCfg = Debug|Any CPU
		{EB3D2558-0508-4B2B-B758-6B9250F013BE}.Debug|Any CPU.Build.0 = Debug|Any CPU
		{EB3D2558-0508-4B2B-B758-6B9250F013BE}.Release|Any CPU.ActiveCfg = Release|Any CPU
		{EB3D2558-0508-4B2B-B758-6B9250F013BE}.Release|Any CPU.Build.0 = Release|Any CPU
	EndGlobalSection
	GlobalSection(SolutionProperties) = preSolution
		HideSolutionNode = FALSE
	EndGlobalSection
	GlobalSection(ExtensibilityGlobals) = postSolution
		SolutionGuid = {1EBEA3BF-A013-4497-A552-05B7886DD3E9}
	EndGlobalSection
EndGlobal
